// !$*UTF8*$!
{
	archiveVersion = 1;
	classes = {
	};
	objectVersion = 50;
	objects = {

/* Begin PBXBuildFile section */
		BF310037245D497000F6310F /* AppDelegate.swift in Sources */ = {isa = PBXBuildFile; fileRef = BF310036245D497000F6310F /* AppDelegate.swift */; };
		BF310039245D497000F6310F /* SceneDelegate.swift in Sources */ = {isa = PBXBuildFile; fileRef = BF310038245D497000F6310F /* SceneDelegate.swift */; };
		BF31003B245D497000F6310F /* ViewController.swift in Sources */ = {isa = PBXBuildFile; fileRef = BF31003A245D497000F6310F /* ViewController.swift */; };
		BF31003E245D497000F6310F /* Main.storyboard in Resources */ = {isa = PBXBuildFile; fileRef = BF31003C245D497000F6310F /* Main.storyboard */; };
		BF310040245D497200F6310F /* Assets.xcassets in Resources */ = {isa = PBXBuildFile; fileRef = BF31003F245D497200F6310F /* Assets.xcassets */; };
		BF310043245D497200F6310F /* LaunchScreen.storyboard in Resources */ = {isa = PBXBuildFile; fileRef = BF310041245D497200F6310F /* LaunchScreen.storyboard */; };
/* End PBXBuildFile section */

/* Begin PBXFileReference section */
		BF310033245D497000F6310F /* CircleBorderAnimation.app */ = {isa = PBXFileReference; explicitFileType = wrapper.application; includeInIndex = 0; path = CircleBorderAnimation.app; sourceTree = BUILT_PRODUCTS_DIR; };
		BF310036245D497000F6310F /* AppDelegate.swift */ = {isa = PBXFileReference; lastKnownFileType = sourcecode.swift; path = AppDelegate.swift; sourceTree = "<group>"; };
		BF310038245D497000F6310F /* SceneDelegate.swift */ = {isa = PBXFileReference; lastKnownFileType = sourcecode.swift; path = SceneDelegate.swift; sourceTree = "<group>"; };
		BF31003A245D497000F6310F /* ViewController.swift */ = {isa = PBXFileReference; lastKnownFileType = sourcecode.swift; path = ViewController.swift; sourceTree = "<group>"; };
		BF31003D245D497000F6310F /* Base */ = {isa = PBXFileReference; lastKnownFileType = file.storyboard; name = Base; path = Base.lproj/Main.storyboard; sourceTree = "<group>"; };
		BF31003F245D497200F6310F /* Assets.xcassets */ = {isa = PBXFileReference; lastKnownFileType = folder.assetcatalog; path = Assets.xcassets; sourceTree = "<group>"; };
		BF310042245D497200F6310F /* Base */ = {isa = PBXFileReference; lastKnownFileType = file.storyboard; name = Base; path = Base.lproj/LaunchScreen.storyboard; sourceTree = "<group>"; };
		BF310044245D497200F6310F /* Info.plist */ = {isa = PBXFileReference; lastKnownFileType = text.plist.xml; path = Info.plist; sourceTree = "<group>"; };
/* End PBXFileReference section */

/* Begin PBXFrameworksBuildPhase section */
		BF310030245D497000F6310F /* Frameworks */ = {
			isa = PBXFrameworksBuildPhase;
			buildActionMask = 2147483647;
			files = (
			);
			runOnlyForDeploymentPostprocessing = 0;
		};
/* End PBXFrameworksBuildPhase section */

/* Begin PBXGroup section */
		BF31002A245D497000F6310F = {
			isa = PBXGroup;
			children = (
				BF310035245D497000F6310F /* CircleBorderAnimation */,
				BF310034245D497000F6310F /* Products */,
			);
			sourceTree = "<group>";
		};
		BF310034245D497000F6310F /* Products */ = {
			isa = PBXGroup;
			children = (
				BF310033245D497000F6310F /* CircleBorderAnimation.app */,
			);
			name = Products;
			sourceTree = "<group>";
		};
		BF310035245D497000F6310F /* CircleBorderAnimation */ = {
			isa = PBXGroup;
			children = (
				BF310036245D497000F6310F /* AppDelegate.swift */,
				BF310038245D497000F6310F /* SceneDelegate.swift */,
				BF31003A245D497000F6310F /* ViewController.swift */,
				BF31003C245D497000F6310F /* Main.storyboard */,
				BF31003F245D497200F6310F /* Assets.xcassets */,
				BF310041245D497200F6310F /* LaunchScreen.storyboard */,
				BF310044245D497200F6310F /* Info.plist */,
			);
			path = CircleBorderAnimation;
			sourceTree = "<group>";
		};
/* End PBXGroup section */

/* Begin PBXNativeTarget section */
		BF310032245D497000F6310F /* CircleBorderAnimation */ = {
			isa = PBXNativeTarget;
			buildConfigurationList = BF310052245D497300F6310F /* Build configuration list for PBXNativeTarget "CircleBorderAnimation" */;
			buildPhases = (
				BF31002F245D497000F6310F /* Sources */,
				BF310030245D497000F6310F /* Frameworks */,
				BF310031245D497000F6310F /* Resources */,
			);
			buildRules = (
			);
			dependencies = (
			);
			name = CircleBorderAnimation;
			productName = CircleBorderAnimation;
			productReference = BF310033245D497000F6310F /* CircleBorderAnimation.app */;
			productType = "com.apple.product-type.application";
		};
/* End PBXNativeTarget section */

/* Begin PBXProject section */
		BF31002B245D497000F6310F /* Project object */ = {
			isa = PBXProject;
			attributes = {
				LastSwiftUpdateCheck = 1140;
				LastUpgradeCheck = 1140;
				ORGANIZATIONNAME = "Akshit Zaveri";
				TargetAttributes = {
					BF310032245D497000F6310F = {
						CreatedOnToolsVersion = 11.4;
					};
				};
			};
			buildConfigurationList = BF31002E245D497000F6310F /* Build configuration list for PBXProject "CircleBorderAnimation" */;
			compatibilityVersion = "Xcode 9.3";
			developmentRegion = en;
			hasScannedForEncodings = 0;
			knownRegions = (
				en,
				Base,
			);
			mainGroup = BF31002A245D497000F6310F;
			productRefGroup = BF310034245D497000F6310F /* Products */;
			projectDirPath = "";
			projectRoot = "";
			targets = (
				BF310032245D497000F6310F /* CircleBorderAnimation */,
			);
		};
/* End PBXProject section */

/* Begin PBXResourcesBuildPhase section */
		BF310031245D497000F6310F /* Resources */ = {
			isa = PBXResourcesBuildPhase;
			buildActionMask = 2147483647;
			files = (
				BF310043245D497200F6310F /* LaunchScreen.storyboard in Resources */,
				BF310040245D497200F6310F /* Assets.xcassets in Resources */,
				BF31003E245D497000F6310F /* Main.storyboard in Resources */,
			);
			runOnlyForDeploymentPostprocessing = 0;
		};
/* End PBXResourcesBuildPhase section */

/* Begin PBXSourcesBuildPhase section */
		BF31002F245D497000F6310F /* Sources */ = {
			isa = PBXSourcesBuildPhase;
			buildActionMask = 2147483647;
			files = (
				BF31003B245D497000F6310F /* ViewController.swift in Sources */,
				BF310037245D497000F6310F /* AppDelegate.swift in Sources */,
				BF310039245D497000F6310F /* SceneDelegate.swift in Sources */,
			);
			runOnlyForDeploymentPostprocessing = 0;
		};
/* End PBXSourcesBuildPhase section */

/* Begin PBXVariantGroup section */
		BF31003C245D497000F6310F /* Main.storyboard */ = {
			isa = PBXVariantGroup;
			children = (
				BF31003D245D497000F6310F /* Base */,
			);
			name = Main.storyboard;
			sourceTree = "<group>";
		};
		BF310041245D497200F6310F /* LaunchScreen.storyboard */ = {
			isa = PBXVariantGroup;
			children = (
				BF310042245D497200F6310F /* Base */,
			);
			name = LaunchScreen.storyboard;
			sourceTree = "<group>";
		};
/* End PBXVariantGroup section */

/* Begin XCBuildConfiguration section */
		BF310050245D497300F6310F /* Debug */ = {
			isa = XCBuildConfiguration;
			buildSettings = {
				ALWAYS_SEARCH_USER_PATHS = NO;
				CLANG_ANALYZER_NONNULL = YES;
				CLANG_ANALYZER_NUMBER_OBJECT_CONVERSION = YES_AGGRESSIVE;
				CLANG_CXX_LANGUAGE_STANDARD = "gnu++14";
				CLANG_CXX_LIBRARY = "libc++";
				CLANG_ENABLE_MODULES = YES;
				CLANG_ENABLE_OBJC_ARC = YES;
				CLANG_ENABLE_OBJC_WEAK = YES;
				CLANG_WARN_BLOCK_CAPTURE_AUTORELEASING = YES;
				CLANG_WARN_BOOL_CONVERSION = YES;
				CLANG_WARN_COMMA = YES;
				CLANG_WARN_CONSTANT_CONVERSION = YES;
				CLANG_WARN_DEPRECATED_OBJC_IMPLEMENTATIONS = YES;
				CLANG_WARN_DIRECT_OBJC_ISA_USAGE = YES_ERROR;
				CLANG_WARN_DOCUMENTATION_COMMENTS = YES;
				CLANG_WARN_EMPTY_BODY = YES;
				CLANG_WARN_ENUM_CONVERSION = YES;
				CLANG_WARN_INFINITE_RECURSION = YES;
				CLANG_WARN_INT_CONVERSION = YES;
				CLANG_WARN_NON_LITERAL_NULL_CONVERSION = YES;
				CLANG_WARN_OBJC_IMPLICIT_RETAIN_SELF = YES;
				CLANG_WARN_OBJC_LITERAL_CONVERSION = YES;
				CLANG_WARN_OBJC_ROOT_CLASS = YES_ERROR;
				CLANG_WARN_RANGE_LOOP_ANALYSIS = YES;
				CLANG_WARN_STRICT_PROTOTYPES = YES;
				CLANG_WARN_SUSPICIOUS_MOVE = YES;
				CLANG_WARN_UNGUARDED_AVAILABILITY = YES_AGGRESSIVE;
				CLANG_WARN_UNREACHABLE_CODE = YES;
				CLANG_WARN__DUPLICATE_METHOD_MATCH = YES;
				COPY_PHASE_STRIP = NO;
				DEBUG_INFORMATION_FORMAT = dwarf;
				ENABLE_STRICT_OBJC_MSGSEND = YES;
				ENABLE_TESTABILITY = YES;
				GCC_C_LANGUAGE_STANDARD = gnu11;
				GCC_DYNAMIC_NO_PIC = NO;
				GCC_NO_COMMON_BLOCKS = YES;
				GCC_OPTIMIZATION_LEVEL = 0;
				GCC_PREPROCESSOR_DEFINITIONS = (
					"DEBUG=1",
					"$(inherited)",
				);
				GCC_WARN_64_TO_32_BIT_CONVERSION = YES;
				GCC_WARN_ABOUT_RETURN_TYPE = YES_ERROR;
				GCC_WARN_UNDECLARED_SELECTOR = YES;
				GCC_WARN_UNINITIALIZED_AUTOS = YES_AGGRESSIVE;
				GCC_WARN_UNUSED_FUNCTION = YES;
				GCC_WARN_UNUSED_VARIABLE = YES;
				IPHONEOS_DEPLOYMENT_TARGET = 13.4;
				MTL_ENABLE_DEBUG_INFO = INCLUDE_SOURCE;
				MTL_FAST_MATH = YES;
				ONLY_ACTIVE_ARCH = YES;
				SDKROOT = iphoneos;
				SWIFT_ACTIVE_COMPILATION_CONDITIONS = DEBUG;
				SWIFT_OPTIMIZATION_LEVEL = "-Onone";
			};
			name = Debug;
		};
		BF310051245D497300F6310F /* Release */ = {
			isa = XCBuildConfiguration;
			buildSettings = {
				ALWAYS_SEARCH_USER_PATHS = NO;
				CLANG_ANALYZER_NONNULL = YES;
				CLANG_ANALYZER_NUMBER_OBJECT_CONVERSION = YES_AGGRESSIVE;
				CLANG_CXX_LANGUAGE_STANDARD = "gnu++14";
				CLANG_CXX_LIBRARY = "libc++";
				CLANG_ENABLE_MODULES = YES;
				CLANG_ENABLE_OBJC_ARC = YES;
				CLANG_ENABLE_OBJC_WEAK = YES;
				CLANG_WARN_BLOCK_CAPTURE_AUTORELEASING = YES;
				CLANG_WARN_BOOL_CONVERSION = YES;
				CLANG_WARN_COMMA = YES;
				CLANG_WARN_CONSTANT_CONVERSION = YES;
				CLANG_WARN_DEPRECATED_OBJC_IMPLEMENTATIONS = YES;
				CLANG_WARN_DIRECT_OBJC_ISA_USAGE = YES_ERROR;
				CLANG_WARN_DOCUMENTATION_COMMENTS = YES;
				CLANG_WARN_EMPTY_BODY = YES;
				CLANG_WARN_ENUM_CONVERSION = YES;
				CLANG_WARN_INFINITE_RECURSION = YES;
				CLANG_WARN_INT_CONVERSION = YES;
				CLANG_WARN_NON_LITERAL_NULL_CONVERSION = YES;
				CLANG_WARN_OBJC_IMPLICIT_RETAIN_SELF = YES;
				CLANG_WARN_OBJC_LITERAL_CONVERSION = YES;
				CLANG_WARN_OBJC_ROOT_CLASS = YES_ERROR;
				CLANG_WARN_RANGE_LOOP_ANALYSIS = YES;
				CLANG_WARN_STRICT_PROTOTYPES = YES;
				CLANG_WARN_SUSPICIOUS_MOVE = YES;
				CLANG_WARN_UNGUARDED_AVAILABILITY = YES_AGGRESSIVE;
				CLANG_WARN_UNREACHABLE_CODE = YES;
				CLANG_WARN__DUPLICATE_METHOD_MATCH = YES;
				COPY_PHASE_STRIP = NO;
				DEBUG_INFORMATION_FORMAT = "dwarf-with-dsym";
				ENABLE_NS_ASSERTIONS = NO;
				ENABLE_STRICT_OBJC_MSGSEND = YES;
				GCC_C_LANGUAGE_STANDARD = gnu11;
				GCC_NO_COMMON_BLOCKS = YES;
				GCC_WARN_64_TO_32_BIT_CONVERSION = YES;
				GCC_WARN_ABOUT_RETURN_TYPE = YES_ERROR;
				GCC_WARN_UNDECLARED_SELECTOR = YES;
				GCC_WARN_UNINITIALIZED_AUTOS = YES_AGGRESSIVE;
				GCC_WARN_UNUSED_FUNCTION = YES;
				GCC_WARN_UNUSED_VARIABLE = YES;
				IPHONEOS_DEPLOYMENT_TARGET = 13.4;
				MTL_ENABLE_DEBUG_INFO = NO;
				MTL_FAST_MATH = YES;
				SDKROOT = iphoneos;
				SWIFT_COMPILATION_MODE = wholemodule;
				SWIFT_OPTIMIZATION_LEVEL = "-O";
				VALIDATE_PRODUCT = YES;
			};
			name = Release;
		};
		BF310053245D497300F6310F /* Debug */ = {
			isa = XCBuildConfiguration;
			buildSettings = {
				ASSETCATALOG_COMPILER_APPICON_NAME = AppIcon;
				CODE_SIGN_STYLE = Automatic;
				DEVELOPMENT_TEAM = 6G977HV28A;
				INFOPLIST_FILE = CircleBorderAnimation/Info.plist;
				LD_RUNPATH_SEARCH_PATHS = (
					"$(inherited)",
					"@executable_path/Frameworks",
				);
				PRODUCT_BUNDLE_IDENTIFIER = com.akshit.CircleBorderAnimation;
				PRODUCT_NAME = "$(TARGET_NAME)";
				SWIFT_VERSION = 5.0;
				TARGETED_DEVICE_FAMILY = "1,2";
			};
			name = Debug;
		};
		BF310054245D497300F6310F /* Release */ = {
			isa = XCBuildConfiguration;
			buildSettings = {
				ASSETCATALOG_COMPILER_APPICON_NAME = AppIcon;
				CODE_SIGN_STYLE = Automatic;
				DEVELOPMENT_TEAM = 6G977HV28A;
				INFOPLIST_FILE = CircleBorderAnimation/Info.plist;
				LD_RUNPATH_SEARCH_PATHS = (
					"$(inherited)",
					"@executable_path/Frameworks",
				);
				PRODUCT_BUNDLE_IDENTIFIER = com.akshit.CircleBorderAnimation;
				PRODUCT_NAME = "$(TARGET_NAME)";
				SWIFT_VERSION = 5.0;
				TARGETED_DEVICE_FAMILY = "1,2";
			};
			name = Release;
		};
/* End XCBuildConfiguration section */

/* Begin XCConfigurationList section */
		BF31002E245D497000F6310F /* Build configuration list for PBXProject "CircleBorderAnimation" */ = {
			isa = XCConfigurationList;
			buildConfigurations = (
				BF310050245D497300F6310F /* Debug */,
				BF310051245D497300F6310F /* Release */,
			);
			defaultConfigurationIsVisible = 0;
			defaultConfigurationName = Release;
		};
		BF310052245D497300F6310F /* Build configuration list for PBXNativeTarget "CircleBorderAnimation" */ = {
			isa = XCConfigurationList;
			buildConfigurations = (
				BF310053245D497300F6310F /* Debug */,
				BF310054245D497300F6310F /* Release */,
			);
			defaultConfigurationIsVisible = 0;
			defaultConfigurationName = Release;
		};
/* End XCConfigurationList section */
	};
	rootObject = BF31002B245D497000F6310F /* Project object */;
}
